
Microsoft Visual Studio Solution File, Format Version 12.00
# Visual Studio Version 17
VisualStudioVersion = 17.6.33723.286
MinimumVisualStudioVersion = 10.0.40219.1
Project("{FAE04EC0-301F-11D3-BF4B-00C04F79EFBC}") = "ClassBoxData", "01. Class Box Data\ClassBoxData.csproj", "{D1231247-AC96-498B-87D9-92AA87A8112A}"
EndProject
Global
	GlobalSection(SolutionConfigurationPlatforms) = preSolution
		Debug|Any CPU = Debug|Any CPU
		Release|Any CPU = Release|Any CPU
	EndGlobalSection
	GlobalSection(ProjectConfigurationPlatforms) = postSolution
		{D1231247-AC96-498B-87D9-92AA87A8112A}.Debug|Any CPU.ActiveCfg = Debug|Any CPU
		{D1231247-AC96-498B-87D9-92AA87A8112A}.Debug|Any CPU.Build.0 = Debug|Any CPU
		{D1231247-AC96-498B-87D9-92AA87A8112A}.Release|Any CPU.ActiveCfg = Release|Any CPU
		{D1231247-AC96-498B-87D9-92AA87A8112A}.Release|Any CPU.Build.0 = Release|Any CPU
	EndGlobalSection
	GlobalSection(SolutionProperties) = preSolution
		HideSolutionNode = FALSE
	EndGlobalSection
	GlobalSection(ExtensibilityGlobals) = postSolution
		SolutionGuid = {92BE9221-AED5-4258-9249-A61E036FA22C}
	EndGlobalSection
EndGlobal
