
Microsoft Visual Studio Solution File, Format Version 12.00
# Visual Studio Version 17
VisualStudioVersion = 17.6.33723.286
MinimumVisualStudioVersion = 10.0.40219.1
Project("{FAE04EC0-301F-11D3-BF4B-00C04F79EFBC}") = "BirthdayCelebrations", "05. Birthday Celebrations\BirthdayCelebrations.csproj", "{B5779912-7234-488C-95CE-54547FC7670C}"
EndProject
Global
	GlobalSection(SolutionConfigurationPlatforms) = preSolution
		Debug|Any CPU = Debug|Any CPU
		Release|Any CPU = Release|Any CPU
	EndGlobalSection
	GlobalSection(ProjectConfigurationPlatforms) = postSolution
		{B5779912-7234-488C-95CE-54547FC7670C}.Debug|Any CPU.ActiveCfg = Debug|Any CPU
		{B5779912-7234-488C-95CE-54547FC7670C}.Debug|Any CPU.Build.0 = Debug|Any CPU
		{B5779912-7234-488C-95CE-54547FC7670C}.Release|Any CPU.ActiveCfg = Release|Any CPU
		{B5779912-7234-488C-95CE-54547FC7670C}.Release|Any CPU.Build.0 = Release|Any CPU
	EndGlobalSection
	GlobalSection(SolutionProperties) = preSolution
		HideSolutionNode = FALSE
	EndGlobalSection
	GlobalSection(ExtensibilityGlobals) = postSolution
		SolutionGuid = {13B325DB-2835-49D4-B5DD-B683E8B6AE2E}
	EndGlobalSection
EndGlobal
