
Microsoft Visual Studio Solution File, Format Version 12.00
# Visual Studio Version 17
VisualStudioVersion = 17.6.33723.286
MinimumVisualStudioVersion = 10.0.40219.1
Project("{FAE04EC0-301F-11D3-BF4B-00C04F79EFBC}") = "VehiclesExtension", "02. Vehicles Extension\VehiclesExtension.csproj", "{54482A67-2A48-408A-8EBB-19E6307176C9}"
EndProject
Global
	GlobalSection(SolutionConfigurationPlatforms) = preSolution
		Debug|Any CPU = Debug|Any CPU
		Release|Any CPU = Release|Any CPU
	EndGlobalSection
	GlobalSection(ProjectConfigurationPlatforms) = postSolution
		{54482A67-2A48-408A-8EBB-19E6307176C9}.Debug|Any CPU.ActiveCfg = Debug|Any CPU
		{54482A67-2A48-408A-8EBB-19E6307176C9}.Debug|Any CPU.Build.0 = Debug|Any CPU
		{54482A67-2A48-408A-8EBB-19E6307176C9}.Release|Any CPU.ActiveCfg = Release|Any CPU
		{54482A67-2A48-408A-8EBB-19E6307176C9}.Release|Any CPU.Build.0 = Release|Any CPU
	EndGlobalSection
	GlobalSection(SolutionProperties) = preSolution
		HideSolutionNode = FALSE
	EndGlobalSection
	GlobalSection(ExtensibilityGlobals) = postSolution
		SolutionGuid = {1483346B-450E-4B07-AA28-8A8A775177A2}
	EndGlobalSection
EndGlobal
