
Microsoft Visual Studio Solution File, Format Version 12.00
# Visual Studio Version 17
VisualStudioVersion = 17.6.33723.286
MinimumVisualStudioVersion = 10.0.40219.1
Project("{FAE04EC0-301F-11D3-BF4B-00C04F79EFBC}") = "Raiding", "03. Raiding\Raiding.csproj", "{F8BDF276-5516-41C0-95D0-A6A9F7562E19}"
EndProject
Global
	GlobalSection(SolutionConfigurationPlatforms) = preSolution
		Debug|Any CPU = Debug|Any CPU
		Release|Any CPU = Release|Any CPU
	EndGlobalSection
	GlobalSection(ProjectConfigurationPlatforms) = postSolution
		{F8BDF276-5516-41C0-95D0-A6A9F7562E19}.Debug|Any CPU.ActiveCfg = Debug|Any CPU
		{F8BDF276-5516-41C0-95D0-A6A9F7562E19}.Debug|Any CPU.Build.0 = Debug|Any CPU
		{F8BDF276-5516-41C0-95D0-A6A9F7562E19}.Release|Any CPU.ActiveCfg = Release|Any CPU
		{F8BDF276-5516-41C0-95D0-A6A9F7562E19}.Release|Any CPU.Build.0 = Release|Any CPU
	EndGlobalSection
	GlobalSection(SolutionProperties) = preSolution
		HideSolutionNode = FALSE
	EndGlobalSection
	GlobalSection(ExtensibilityGlobals) = postSolution
		SolutionGuid = {8EE23DC2-BCAF-49CB-8E01-A3E6088A3E0D}
	EndGlobalSection
EndGlobal
